{
  "requires": true,
  "lockfileVersion": 1,
  "dependencies": {
    "react-native-maps": {
      "version": "0.25.0",
      "resolved": "https://registry.npmjs.org/react-native-maps/-/react-native-maps-0.25.0.tgz",
      "integrity": "sha512-PFJuW1pt+HnnnN0m0OGk29RSvICFVkK/DScX6cUk0SuCSN2DAHx0y6y57lZyYXcYqU4J4usNpfxgp/ccjASDiw=="
    }
  }
}
